
Microsoft Visual Studio Solution File, Format Version 12.00
# Visual Studio Version 17
VisualStudioVersion = 17.1.32228.430
MinimumVisualStudioVersion = 10.0.40219.1
Project("{2150E333-8FDC-42A3-9474-1A3956D46DE8}") = "gPRCTouch", "gPRCTouch", "{4E4FF66E-76D2-4A32-87E5-09FB03777C76}"
EndProject
Project("{9A19103F-16F7-4668-BE54-9A1E7A4F7556}") = "gPRC4AspNetCore", "gPRCTouch\gPRC4AspNetCore\src\gPRC4AspNetCore.csproj", "{86AA1AF2-1205-40EF-A624-FC967994CDDB}"
EndProject
Project("{9A19103F-16F7-4668-BE54-9A1E7A4F7556}") = "gPRC4ClientApp1", "gPRCTouch\gPRC4ClientApp1\src\gPRC4ClientApp1.csproj", "{1F6C177D-C4DD-415E-BE83-9777690CF49D}"
EndProject
Project("{9A19103F-16F7-4668-BE54-9A1E7A4F7556}") = "gPRC4ClientConsole1", "gPRCTouch\gPRC4ClientConsole1\src\gPRC4ClientConsole1.csproj", "{1B1F3332-44FD-4B37-9C17-DD00675E11A3}"
EndProject
Project("{2150E333-8FDC-42A3-9474-1A3956D46DE8}") = "HPSocket", "HPSocket", "{C41E71F6-4341-4347-B163-6BE21D2E30A3}"
EndProject
Project("{FAE04EC0-301F-11D3-BF4B-00C04F79EFBC}") = "HPSocket4ServerConsole1", "HPSocket\HPSocket4ServerConsole1\src\HPSocket4ServerConsole1.csproj", "{8ABCA228-BF76-469E-A378-4FA68B486784}"
EndProject
Project("{FAE04EC0-301F-11D3-BF4B-00C04F79EFBC}") = "HPSocket4ClientConsole1", "HPSocket\HPSocket4ClientConsole1\src\HPSocket4ClientConsole1.csproj", "{7F761967-C4E0-4398-AF15-7E2B9F289538}"
EndProject
Project("{2150E333-8FDC-42A3-9474-1A3956D46DE8}") = "SuperSocketFrame", "SuperSocketFrame", "{345A909F-449B-4654-92B7-124C9FAA75A2}"
EndProject
Project("{FAE04EC0-301F-11D3-BF4B-00C04F79EFBC}") = "SuperSocket4ServerConsole1", "SuperSocketFrame\SuperSocket4ServerConsole1\src\SuperSocket4ServerConsole1.csproj", "{55FFE3C9-C8A6-4F47-B6BE-8DCBB80E2AA9}"
EndProject
Project("{FAE04EC0-301F-11D3-BF4B-00C04F79EFBC}") = "SuperSocket4ClientConsole1", "SuperSocketFrame\SuperSocket4ClientConsole1\src\SuperSocket4ClientConsole1.csproj", "{3B268A16-F170-46D5-B448-A17325C57717}"
EndProject
Project("{2150E333-8FDC-42A3-9474-1A3956D46DE8}") = "MSWebView2", "MSWebView2", "{903086B6-4F64-466D-8CB8-B4A87D581C2A}"
EndProject
Project("{FAE04EC0-301F-11D3-BF4B-00C04F79EFBC}") = "MSWebView4WinForm", "MSWebView2\MSWebView4WinForm\src\MSWebView4WinForm.csproj", "{043E62AB-E7BE-49F7-83B7-4147C3819CD8}"
EndProject
Project("{FAE04EC0-301F-11D3-BF4B-00C04F79EFBC}") = "MSWebView4WPF", "MSWebView2\MSWebView4WPF\src\MSWebView4WPF.csproj", "{01CDF98A-52D6-47B6-81C4-6DB109A80546}"
EndProject
Project("{2150E333-8FDC-42A3-9474-1A3956D46DE8}") = "MahAppsMetroUI", "MahAppsMetroUI", "{9CA19B50-C7C6-461F-AC63-FA3E190E63B0}"
EndProject
Project("{FAE04EC0-301F-11D3-BF4B-00C04F79EFBC}") = "MahAppsMetroAppx", "MahAppsMetroUI\MahAppsMetroAppx\src\MahAppsMetroAppx.csproj", "{6F85FA05-9B52-4464-A9EA-7A23AEA16D6F}"
EndProject
Project("{FAE04EC0-301F-11D3-BF4B-00C04F79EFBC}") = "MSWebView2WPF4Appx1", "MSWebView2\MSWebView2WPF4Appx1\src\MSWebView2WPF4Appx1.csproj", "{A58B1D54-2123-46F2-86FE-B5EC9988C9B0}"
EndProject
Global
	GlobalSection(SolutionConfigurationPlatforms) = preSolution
		Debug|Any CPU = Debug|Any CPU
		Release|Any CPU = Release|Any CPU
	EndGlobalSection
	GlobalSection(ProjectConfigurationPlatforms) = postSolution
		{86AA1AF2-1205-40EF-A624-FC967994CDDB}.Debug|Any CPU.ActiveCfg = Debug|Any CPU
		{86AA1AF2-1205-40EF-A624-FC967994CDDB}.Debug|Any CPU.Build.0 = Debug|Any CPU
		{86AA1AF2-1205-40EF-A624-FC967994CDDB}.Release|Any CPU.ActiveCfg = Release|Any CPU
		{86AA1AF2-1205-40EF-A624-FC967994CDDB}.Release|Any CPU.Build.0 = Release|Any CPU
		{1F6C177D-C4DD-415E-BE83-9777690CF49D}.Debug|Any CPU.ActiveCfg = Debug|Any CPU
		{1F6C177D-C4DD-415E-BE83-9777690CF49D}.Debug|Any CPU.Build.0 = Debug|Any CPU
		{1F6C177D-C4DD-415E-BE83-9777690CF49D}.Release|Any CPU.ActiveCfg = Release|Any CPU
		{1F6C177D-C4DD-415E-BE83-9777690CF49D}.Release|Any CPU.Build.0 = Release|Any CPU
		{1B1F3332-44FD-4B37-9C17-DD00675E11A3}.Debug|Any CPU.ActiveCfg = Debug|Any CPU
		{1B1F3332-44FD-4B37-9C17-DD00675E11A3}.Debug|Any CPU.Build.0 = Debug|Any CPU
		{1B1F3332-44FD-4B37-9C17-DD00675E11A3}.Release|Any CPU.ActiveCfg = Release|Any CPU
		{1B1F3332-44FD-4B37-9C17-DD00675E11A3}.Release|Any CPU.Build.0 = Release|Any CPU
		{8ABCA228-BF76-469E-A378-4FA68B486784}.Debug|Any CPU.ActiveCfg = Debug|Any CPU
		{8ABCA228-BF76-469E-A378-4FA68B486784}.Debug|Any CPU.Build.0 = Debug|Any CPU
		{8ABCA228-BF76-469E-A378-4FA68B486784}.Release|Any CPU.ActiveCfg = Release|Any CPU
		{8ABCA228-BF76-469E-A378-4FA68B486784}.Release|Any CPU.Build.0 = Release|Any CPU
		{7F761967-C4E0-4398-AF15-7E2B9F289538}.Debug|Any CPU.ActiveCfg = Debug|Any CPU
		{7F761967-C4E0-4398-AF15-7E2B9F289538}.Debug|Any CPU.Build.0 = Debug|Any CPU
		{7F761967-C4E0-4398-AF15-7E2B9F289538}.Release|Any CPU.ActiveCfg = Release|Any CPU
		{7F761967-C4E0-4398-AF15-7E2B9F289538}.Release|Any CPU.Build.0 = Release|Any CPU
		{55FFE3C9-C8A6-4F47-B6BE-8DCBB80E2AA9}.Debug|Any CPU.ActiveCfg = Debug|Any CPU
		{55FFE3C9-C8A6-4F47-B6BE-8DCBB80E2AA9}.Debug|Any CPU.Build.0 = Debug|Any CPU
		{55FFE3C9-C8A6-4F47-B6BE-8DCBB80E2AA9}.Release|Any CPU.ActiveCfg = Release|Any CPU
		{55FFE3C9-C8A6-4F47-B6BE-8DCBB80E2AA9}.Release|Any CPU.Build.0 = Release|Any CPU
		{3B268A16-F170-46D5-B448-A17325C57717}.Debug|Any CPU.ActiveCfg = Debug|Any CPU
		{3B268A16-F170-46D5-B448-A17325C57717}.Debug|Any CPU.Build.0 = Debug|Any CPU
		{3B268A16-F170-46D5-B448-A17325C57717}.Release|Any CPU.ActiveCfg = Release|Any CPU
		{3B268A16-F170-46D5-B448-A17325C57717}.Release|Any CPU.Build.0 = Release|Any CPU
		{043E62AB-E7BE-49F7-83B7-4147C3819CD8}.Debug|Any CPU.ActiveCfg = Debug|Any CPU
		{043E62AB-E7BE-49F7-83B7-4147C3819CD8}.Debug|Any CPU.Build.0 = Debug|Any CPU
		{043E62AB-E7BE-49F7-83B7-4147C3819CD8}.Release|Any CPU.ActiveCfg = Release|Any CPU
		{043E62AB-E7BE-49F7-83B7-4147C3819CD8}.Release|Any CPU.Build.0 = Release|Any CPU
		{01CDF98A-52D6-47B6-81C4-6DB109A80546}.Debug|Any CPU.ActiveCfg = Debug|Any CPU
		{01CDF98A-52D6-47B6-81C4-6DB109A80546}.Debug|Any CPU.Build.0 = Debug|Any CPU
		{01CDF98A-52D6-47B6-81C4-6DB109A80546}.Release|Any CPU.ActiveCfg = Release|Any CPU
		{01CDF98A-52D6-47B6-81C4-6DB109A80546}.Release|Any CPU.Build.0 = Release|Any CPU
		{6F85FA05-9B52-4464-A9EA-7A23AEA16D6F}.Debug|Any CPU.ActiveCfg = Debug|Any CPU
		{6F85FA05-9B52-4464-A9EA-7A23AEA16D6F}.Debug|Any CPU.Build.0 = Debug|Any CPU
		{6F85FA05-9B52-4464-A9EA-7A23AEA16D6F}.Release|Any CPU.ActiveCfg = Release|Any CPU
		{6F85FA05-9B52-4464-A9EA-7A23AEA16D6F}.Release|Any CPU.Build.0 = Release|Any CPU
		{A58B1D54-2123-46F2-86FE-B5EC9988C9B0}.Debug|Any CPU.ActiveCfg = Debug|Any CPU
		{A58B1D54-2123-46F2-86FE-B5EC9988C9B0}.Debug|Any CPU.Build.0 = Debug|Any CPU
		{A58B1D54-2123-46F2-86FE-B5EC9988C9B0}.Release|Any CPU.ActiveCfg = Release|Any CPU
		{A58B1D54-2123-46F2-86FE-B5EC9988C9B0}.Release|Any CPU.Build.0 = Release|Any CPU
	EndGlobalSection
	GlobalSection(SolutionProperties) = preSolution
		HideSolutionNode = FALSE
	EndGlobalSection
	GlobalSection(NestedProjects) = preSolution
		{86AA1AF2-1205-40EF-A624-FC967994CDDB} = {4E4FF66E-76D2-4A32-87E5-09FB03777C76}
		{1F6C177D-C4DD-415E-BE83-9777690CF49D} = {4E4FF66E-76D2-4A32-87E5-09FB03777C76}
		{1B1F3332-44FD-4B37-9C17-DD00675E11A3} = {4E4FF66E-76D2-4A32-87E5-09FB03777C76}
		{8ABCA228-BF76-469E-A378-4FA68B486784} = {C41E71F6-4341-4347-B163-6BE21D2E30A3}
		{7F761967-C4E0-4398-AF15-7E2B9F289538} = {C41E71F6-4341-4347-B163-6BE21D2E30A3}
		{55FFE3C9-C8A6-4F47-B6BE-8DCBB80E2AA9} = {345A909F-449B-4654-92B7-124C9FAA75A2}
		{3B268A16-F170-46D5-B448-A17325C57717} = {345A909F-449B-4654-92B7-124C9FAA75A2}
		{043E62AB-E7BE-49F7-83B7-4147C3819CD8} = {903086B6-4F64-466D-8CB8-B4A87D581C2A}
		{01CDF98A-52D6-47B6-81C4-6DB109A80546} = {903086B6-4F64-466D-8CB8-B4A87D581C2A}
		{6F85FA05-9B52-4464-A9EA-7A23AEA16D6F} = {9CA19B50-C7C6-461F-AC63-FA3E190E63B0}
		{A58B1D54-2123-46F2-86FE-B5EC9988C9B0} = {903086B6-4F64-466D-8CB8-B4A87D581C2A}
	EndGlobalSection
	GlobalSection(ExtensibilityGlobals) = postSolution
		SolutionGuid = {FE214A14-4DAD-47F5-BE0B-39414C73465A}
	EndGlobalSection
EndGlobal
