
Microsoft Visual Studio Solution File, Format Version 12.00
# Visual Studio Version 17
VisualStudioVersion = 17.1.32228.430
MinimumVisualStudioVersion = 10.0.40219.1
Project("{2150E333-8FDC-42A3-9474-1A3956D46DE8}") = "gPRCTouch", "gPRCTouch", "{4E4FF66E-76D2-4A32-87E5-09FB03777C76}"
EndProject
Project("{9A19103F-16F7-4668-BE54-9A1E7A4F7556}") = "gPRC4AspNetCore", "gPRCTouch\gPRC4AspNetCore\src\gPRC4AspNetCore.csproj", "{86AA1AF2-1205-40EF-A624-FC967994CDDB}"
EndProject
Project("{9A19103F-16F7-4668-BE54-9A1E7A4F7556}") = "gPRC4ClientApp1", "gPRCTouch\gPRC4ClientApp1\src\gPRC4ClientApp1.csproj", "{1F6C177D-C4DD-415E-BE83-9777690CF49D}"
EndProject
Project("{9A19103F-16F7-4668-BE54-9A1E7A4F7556}") = "gPRC4ClientConsole1", "gPRCTouch\gPRC4ClientConsole1\src\gPRC4ClientConsole1.csproj", "{1B1F3332-44FD-4B37-9C17-DD00675E11A3}"
EndProject
Project("{2150E333-8FDC-42A3-9474-1A3956D46DE8}") = "HPSocket", "HPSocket", "{C41E71F6-4341-4347-B163-6BE21D2E30A3}"
EndProject
Project("{9A19103F-16F7-4668-BE54-9A1E7A4F7556}") = "HPSocket4ServerConsole1", "HPSocket\HPSocket4ServerConsole1\src\HPSocket4ServerConsole1.csproj", "{8ABCA228-BF76-469E-A378-4FA68B486784}"
EndProject
Project("{9A19103F-16F7-4668-BE54-9A1E7A4F7556}") = "HPSocket4ClientConsole1", "HPSocket\HPSocket4ClientConsole1\src\HPSocket4ClientConsole1.csproj", "{7F761967-C4E0-4398-AF15-7E2B9F289538}"
EndProject
Project("{2150E333-8FDC-42A3-9474-1A3956D46DE8}") = "SuperSocketFrame", "SuperSocketFrame", "{345A909F-449B-4654-92B7-124C9FAA75A2}"
EndProject
Project("{9A19103F-16F7-4668-BE54-9A1E7A4F7556}") = "SuperSocket4ServerConsole1", "SuperSocketFrame\SuperSocket4ServerConsole1\src\SuperSocket4ServerConsole1.csproj", "{55FFE3C9-C8A6-4F47-B6BE-8DCBB80E2AA9}"
EndProject
Project("{9A19103F-16F7-4668-BE54-9A1E7A4F7556}") = "SuperSocket4ClientConsole1", "SuperSocketFrame\SuperSocket4ClientConsole1\src\SuperSocket4ClientConsole1.csproj", "{3B268A16-F170-46D5-B448-A17325C57717}"
EndProject
Project("{2150E333-8FDC-42A3-9474-1A3956D46DE8}") = "MSWebView2", "MSWebView2", "{903086B6-4F64-466D-8CB8-B4A87D581C2A}"
EndProject
Project("{9A19103F-16F7-4668-BE54-9A1E7A4F7556}") = "MSWebView4WinForm", "MSWebView2\MSWebView4WinForm\src\MSWebView4WinForm.csproj", "{043E62AB-E7BE-49F7-83B7-4147C3819CD8}"
EndProject
Project("{9A19103F-16F7-4668-BE54-9A1E7A4F7556}") = "MSWebView4WPF", "MSWebView2\MSWebView4WPF\src\MSWebView4WPF.csproj", "{01CDF98A-52D6-47B6-81C4-6DB109A80546}"
EndProject
Project("{2150E333-8FDC-42A3-9474-1A3956D46DE8}") = "MahAppsMetroUI", "MahAppsMetroUI", "{9CA19B50-C7C6-461F-AC63-FA3E190E63B0}"
EndProject
Project("{9A19103F-16F7-4668-BE54-9A1E7A4F7556}") = "MahAppsMetroAppx", "MahAppsMetroUI\MahAppsMetroAppx\src\MahAppsMetroAppx.csproj", "{6F85FA05-9B52-4464-A9EA-7A23AEA16D6F}"
EndProject
Project("{9A19103F-16F7-4668-BE54-9A1E7A4F7556}") = "MSWebView2WPF4Appx1", "MSWebView2\MSWebView2WPF4Appx1\src\MSWebView2WPF4Appx1.csproj", "{A58B1D54-2123-46F2-86FE-B5EC9988C9B0}"
EndProject
Project("{2150E333-8FDC-42A3-9474-1A3956D46DE8}") = "MaterialDesignUI", "MaterialDesignUI", "{D355F066-D223-484F-8326-189F8D55B674}"
EndProject
Project("{9A19103F-16F7-4668-BE54-9A1E7A4F7556}") = "MaterialDesignAppx", "MaterialDesignUI\MaterialDesignAppx\src\MaterialDesignAppx.csproj", "{0E46BD09-A3E2-4309-941A-36B44F08F518}"
EndProject
Project("{9A19103F-16F7-4668-BE54-9A1E7A4F7556}") = "MaterialDesign4MahApps", "MaterialDesignUI\MaterialDesign4MahApps\src\MaterialDesign4MahApps.csproj", "{399C02CC-BDAE-4D3E-B430-9BF103FB3BA2}"
EndProject
Project("{2150E333-8FDC-42A3-9474-1A3956D46DE8}") = "NTreePackSDK", "NTreePackSDK", "{8BC45455-2E2D-4772-AE9E-97352B6A7149}"
EndProject
Project("{9A19103F-16F7-4668-BE54-9A1E7A4F7556}") = "NTreePackSDK4ServerCon1", "NTreePackSDK\NTreePackSDK4ServerCon1\src\NTreePackSDK4ServerCon1.csproj", "{500F041B-3B7A-4345-B37E-C367EB26C05E}"
EndProject
Project("{9A19103F-16F7-4668-BE54-9A1E7A4F7556}") = "NTreePackSDK4ClientCon1", "NTreePackSDK\NTreePackSDK4ClientCon1\src\NTreePackSDK4ClientCon1.csproj", "{2704D8C7-CC36-45C6-A96F-FB3CC8D8449D}"
EndProject
Project("{9A19103F-16F7-4668-BE54-9A1E7A4F7556}") = "NTreePackSDK4DecodeCon1", "NTreePackSDK\NTreePackSDK4DecodeCon1\src\NTreePackSDK4DecodeCon1.csproj", "{823977F4-C982-4A56-9CAD-B5FF17619B4C}"
EndProject
Project("{2150E333-8FDC-42A3-9474-1A3956D46DE8}") = "MQTT666Touch", "MQTT666Touch", "{2B435B92-BF74-4B45-8263-8E12A34CC854}"
EndProject
Project("{9A19103F-16F7-4668-BE54-9A1E7A4F7556}") = "MQTT2Appx4WPF1", "MQTT666Touch\MQTT2Appx4WPF1\src\MQTT2Appx4WPF1.csproj", "{CBD66E75-0592-45A2-9829-9823CC4F5317}"
EndProject
Project("{9A19103F-16F7-4668-BE54-9A1E7A4F7556}") = "MQTT2Appx4Con1", "MQTT666Touch\MQTT2Appx4Con1\src\MQTT2Appx4Con1.csproj", "{7280C653-76AB-4E33-9F76-25D3471A2CBE}"
EndProject
Project("{9A19103F-16F7-4668-BE54-9A1E7A4F7556}") = "MQTT2Blazor4ServerApp1", "MQTT666Touch\MQTT2Blazor4ServerApp1\src\MQTT2Blazor4ServerApp1.csproj", "{AE2920D7-0443-441E-9AB1-BCA68B23FC4D}"
EndProject
Project("{9A19103F-16F7-4668-BE54-9A1E7A4F7556}") = "MQTT2Blazor4WasmApp1", "MQTT666Touch\MQTT2Blazor4WasmApp1\src\MQTT2Blazor4WasmApp1.csproj", "{AD4E975E-8FDA-419A-8A7E-1357D624427C}"
EndProject
Project("{9A19103F-16F7-4668-BE54-9A1E7A4F7556}") = "MQTT2MVC4WebApp1", "MQTT666Touch\MQTT2MVC4WebApp1\src\MQTT2MVC4WebApp1.csproj", "{116F3332-9821-42C1-9999-CE2C1145E4B5}"
EndProject
Global
	GlobalSection(SolutionConfigurationPlatforms) = preSolution
		Debug|Any CPU = Debug|Any CPU
		Release|Any CPU = Release|Any CPU
	EndGlobalSection
	GlobalSection(ProjectConfigurationPlatforms) = postSolution
		{86AA1AF2-1205-40EF-A624-FC967994CDDB}.Debug|Any CPU.ActiveCfg = Debug|Any CPU
		{86AA1AF2-1205-40EF-A624-FC967994CDDB}.Debug|Any CPU.Build.0 = Debug|Any CPU
		{86AA1AF2-1205-40EF-A624-FC967994CDDB}.Release|Any CPU.ActiveCfg = Release|Any CPU
		{86AA1AF2-1205-40EF-A624-FC967994CDDB}.Release|Any CPU.Build.0 = Release|Any CPU
		{1F6C177D-C4DD-415E-BE83-9777690CF49D}.Debug|Any CPU.ActiveCfg = Debug|Any CPU
		{1F6C177D-C4DD-415E-BE83-9777690CF49D}.Debug|Any CPU.Build.0 = Debug|Any CPU
		{1F6C177D-C4DD-415E-BE83-9777690CF49D}.Release|Any CPU.ActiveCfg = Release|Any CPU
		{1F6C177D-C4DD-415E-BE83-9777690CF49D}.Release|Any CPU.Build.0 = Release|Any CPU
		{1B1F3332-44FD-4B37-9C17-DD00675E11A3}.Debug|Any CPU.ActiveCfg = Debug|Any CPU
		{1B1F3332-44FD-4B37-9C17-DD00675E11A3}.Debug|Any CPU.Build.0 = Debug|Any CPU
		{1B1F3332-44FD-4B37-9C17-DD00675E11A3}.Release|Any CPU.ActiveCfg = Release|Any CPU
		{1B1F3332-44FD-4B37-9C17-DD00675E11A3}.Release|Any CPU.Build.0 = Release|Any CPU
		{8ABCA228-BF76-469E-A378-4FA68B486784}.Debug|Any CPU.ActiveCfg = Debug|Any CPU
		{8ABCA228-BF76-469E-A378-4FA68B486784}.Debug|Any CPU.Build.0 = Debug|Any CPU
		{8ABCA228-BF76-469E-A378-4FA68B486784}.Release|Any CPU.ActiveCfg = Release|Any CPU
		{8ABCA228-BF76-469E-A378-4FA68B486784}.Release|Any CPU.Build.0 = Release|Any CPU
		{7F761967-C4E0-4398-AF15-7E2B9F289538}.Debug|Any CPU.ActiveCfg = Debug|Any CPU
		{7F761967-C4E0-4398-AF15-7E2B9F289538}.Debug|Any CPU.Build.0 = Debug|Any CPU
		{7F761967-C4E0-4398-AF15-7E2B9F289538}.Release|Any CPU.ActiveCfg = Release|Any CPU
		{7F761967-C4E0-4398-AF15-7E2B9F289538}.Release|Any CPU.Build.0 = Release|Any CPU
		{55FFE3C9-C8A6-4F47-B6BE-8DCBB80E2AA9}.Debug|Any CPU.ActiveCfg = Debug|Any CPU
		{55FFE3C9-C8A6-4F47-B6BE-8DCBB80E2AA9}.Debug|Any CPU.Build.0 = Debug|Any CPU
		{55FFE3C9-C8A6-4F47-B6BE-8DCBB80E2AA9}.Release|Any CPU.ActiveCfg = Release|Any CPU
		{55FFE3C9-C8A6-4F47-B6BE-8DCBB80E2AA9}.Release|Any CPU.Build.0 = Release|Any CPU
		{3B268A16-F170-46D5-B448-A17325C57717}.Debug|Any CPU.ActiveCfg = Debug|Any CPU
		{3B268A16-F170-46D5-B448-A17325C57717}.Debug|Any CPU.Build.0 = Debug|Any CPU
		{3B268A16-F170-46D5-B448-A17325C57717}.Release|Any CPU.ActiveCfg = Release|Any CPU
		{3B268A16-F170-46D5-B448-A17325C57717}.Release|Any CPU.Build.0 = Release|Any CPU
		{043E62AB-E7BE-49F7-83B7-4147C3819CD8}.Debug|Any CPU.ActiveCfg = Debug|Any CPU
		{043E62AB-E7BE-49F7-83B7-4147C3819CD8}.Debug|Any CPU.Build.0 = Debug|Any CPU
		{043E62AB-E7BE-49F7-83B7-4147C3819CD8}.Release|Any CPU.ActiveCfg = Release|Any CPU
		{043E62AB-E7BE-49F7-83B7-4147C3819CD8}.Release|Any CPU.Build.0 = Release|Any CPU
		{01CDF98A-52D6-47B6-81C4-6DB109A80546}.Debug|Any CPU.ActiveCfg = Debug|Any CPU
		{01CDF98A-52D6-47B6-81C4-6DB109A80546}.Debug|Any CPU.Build.0 = Debug|Any CPU
		{01CDF98A-52D6-47B6-81C4-6DB109A80546}.Release|Any CPU.ActiveCfg = Release|Any CPU
		{01CDF98A-52D6-47B6-81C4-6DB109A80546}.Release|Any CPU.Build.0 = Release|Any CPU
		{6F85FA05-9B52-4464-A9EA-7A23AEA16D6F}.Debug|Any CPU.ActiveCfg = Debug|Any CPU
		{6F85FA05-9B52-4464-A9EA-7A23AEA16D6F}.Debug|Any CPU.Build.0 = Debug|Any CPU
		{6F85FA05-9B52-4464-A9EA-7A23AEA16D6F}.Release|Any CPU.ActiveCfg = Release|Any CPU
		{6F85FA05-9B52-4464-A9EA-7A23AEA16D6F}.Release|Any CPU.Build.0 = Release|Any CPU
		{A58B1D54-2123-46F2-86FE-B5EC9988C9B0}.Debug|Any CPU.ActiveCfg = Debug|Any CPU
		{A58B1D54-2123-46F2-86FE-B5EC9988C9B0}.Debug|Any CPU.Build.0 = Debug|Any CPU
		{A58B1D54-2123-46F2-86FE-B5EC9988C9B0}.Release|Any CPU.ActiveCfg = Release|Any CPU
		{A58B1D54-2123-46F2-86FE-B5EC9988C9B0}.Release|Any CPU.Build.0 = Release|Any CPU
		{0E46BD09-A3E2-4309-941A-36B44F08F518}.Debug|Any CPU.ActiveCfg = Debug|Any CPU
		{0E46BD09-A3E2-4309-941A-36B44F08F518}.Debug|Any CPU.Build.0 = Debug|Any CPU
		{0E46BD09-A3E2-4309-941A-36B44F08F518}.Release|Any CPU.ActiveCfg = Release|Any CPU
		{0E46BD09-A3E2-4309-941A-36B44F08F518}.Release|Any CPU.Build.0 = Release|Any CPU
		{399C02CC-BDAE-4D3E-B430-9BF103FB3BA2}.Debug|Any CPU.ActiveCfg = Debug|Any CPU
		{399C02CC-BDAE-4D3E-B430-9BF103FB3BA2}.Debug|Any CPU.Build.0 = Debug|Any CPU
		{399C02CC-BDAE-4D3E-B430-9BF103FB3BA2}.Release|Any CPU.ActiveCfg = Release|Any CPU
		{399C02CC-BDAE-4D3E-B430-9BF103FB3BA2}.Release|Any CPU.Build.0 = Release|Any CPU
		{500F041B-3B7A-4345-B37E-C367EB26C05E}.Debug|Any CPU.ActiveCfg = Debug|Any CPU
		{500F041B-3B7A-4345-B37E-C367EB26C05E}.Debug|Any CPU.Build.0 = Debug|Any CPU
		{500F041B-3B7A-4345-B37E-C367EB26C05E}.Release|Any CPU.ActiveCfg = Release|Any CPU
		{500F041B-3B7A-4345-B37E-C367EB26C05E}.Release|Any CPU.Build.0 = Release|Any CPU
		{2704D8C7-CC36-45C6-A96F-FB3CC8D8449D}.Debug|Any CPU.ActiveCfg = Debug|Any CPU
		{2704D8C7-CC36-45C6-A96F-FB3CC8D8449D}.Debug|Any CPU.Build.0 = Debug|Any CPU
		{2704D8C7-CC36-45C6-A96F-FB3CC8D8449D}.Release|Any CPU.ActiveCfg = Release|Any CPU
		{2704D8C7-CC36-45C6-A96F-FB3CC8D8449D}.Release|Any CPU.Build.0 = Release|Any CPU
		{823977F4-C982-4A56-9CAD-B5FF17619B4C}.Debug|Any CPU.ActiveCfg = Debug|Any CPU
		{823977F4-C982-4A56-9CAD-B5FF17619B4C}.Debug|Any CPU.Build.0 = Debug|Any CPU
		{823977F4-C982-4A56-9CAD-B5FF17619B4C}.Release|Any CPU.ActiveCfg = Release|Any CPU
		{823977F4-C982-4A56-9CAD-B5FF17619B4C}.Release|Any CPU.Build.0 = Release|Any CPU
		{CBD66E75-0592-45A2-9829-9823CC4F5317}.Debug|Any CPU.ActiveCfg = Debug|Any CPU
		{CBD66E75-0592-45A2-9829-9823CC4F5317}.Debug|Any CPU.Build.0 = Debug|Any CPU
		{CBD66E75-0592-45A2-9829-9823CC4F5317}.Release|Any CPU.ActiveCfg = Release|Any CPU
		{CBD66E75-0592-45A2-9829-9823CC4F5317}.Release|Any CPU.Build.0 = Release|Any CPU
		{7280C653-76AB-4E33-9F76-25D3471A2CBE}.Debug|Any CPU.ActiveCfg = Debug|Any CPU
		{7280C653-76AB-4E33-9F76-25D3471A2CBE}.Debug|Any CPU.Build.0 = Debug|Any CPU
		{7280C653-76AB-4E33-9F76-25D3471A2CBE}.Release|Any CPU.ActiveCfg = Release|Any CPU
		{7280C653-76AB-4E33-9F76-25D3471A2CBE}.Release|Any CPU.Build.0 = Release|Any CPU
		{AE2920D7-0443-441E-9AB1-BCA68B23FC4D}.Debug|Any CPU.ActiveCfg = Debug|Any CPU
		{AE2920D7-0443-441E-9AB1-BCA68B23FC4D}.Debug|Any CPU.Build.0 = Debug|Any CPU
		{AE2920D7-0443-441E-9AB1-BCA68B23FC4D}.Release|Any CPU.ActiveCfg = Release|Any CPU
		{AE2920D7-0443-441E-9AB1-BCA68B23FC4D}.Release|Any CPU.Build.0 = Release|Any CPU
		{AD4E975E-8FDA-419A-8A7E-1357D624427C}.Debug|Any CPU.ActiveCfg = Debug|Any CPU
		{AD4E975E-8FDA-419A-8A7E-1357D624427C}.Debug|Any CPU.Build.0 = Debug|Any CPU
		{AD4E975E-8FDA-419A-8A7E-1357D624427C}.Release|Any CPU.ActiveCfg = Release|Any CPU
		{AD4E975E-8FDA-419A-8A7E-1357D624427C}.Release|Any CPU.Build.0 = Release|Any CPU
		{116F3332-9821-42C1-9999-CE2C1145E4B5}.Debug|Any CPU.ActiveCfg = Debug|Any CPU
		{116F3332-9821-42C1-9999-CE2C1145E4B5}.Debug|Any CPU.Build.0 = Debug|Any CPU
		{116F3332-9821-42C1-9999-CE2C1145E4B5}.Release|Any CPU.ActiveCfg = Release|Any CPU
		{116F3332-9821-42C1-9999-CE2C1145E4B5}.Release|Any CPU.Build.0 = Release|Any CPU
	EndGlobalSection
	GlobalSection(SolutionProperties) = preSolution
		HideSolutionNode = FALSE
	EndGlobalSection
	GlobalSection(NestedProjects) = preSolution
		{86AA1AF2-1205-40EF-A624-FC967994CDDB} = {4E4FF66E-76D2-4A32-87E5-09FB03777C76}
		{1F6C177D-C4DD-415E-BE83-9777690CF49D} = {4E4FF66E-76D2-4A32-87E5-09FB03777C76}
		{1B1F3332-44FD-4B37-9C17-DD00675E11A3} = {4E4FF66E-76D2-4A32-87E5-09FB03777C76}
		{8ABCA228-BF76-469E-A378-4FA68B486784} = {C41E71F6-4341-4347-B163-6BE21D2E30A3}
		{7F761967-C4E0-4398-AF15-7E2B9F289538} = {C41E71F6-4341-4347-B163-6BE21D2E30A3}
		{55FFE3C9-C8A6-4F47-B6BE-8DCBB80E2AA9} = {345A909F-449B-4654-92B7-124C9FAA75A2}
		{3B268A16-F170-46D5-B448-A17325C57717} = {345A909F-449B-4654-92B7-124C9FAA75A2}
		{043E62AB-E7BE-49F7-83B7-4147C3819CD8} = {903086B6-4F64-466D-8CB8-B4A87D581C2A}
		{01CDF98A-52D6-47B6-81C4-6DB109A80546} = {903086B6-4F64-466D-8CB8-B4A87D581C2A}
		{6F85FA05-9B52-4464-A9EA-7A23AEA16D6F} = {9CA19B50-C7C6-461F-AC63-FA3E190E63B0}
		{A58B1D54-2123-46F2-86FE-B5EC9988C9B0} = {903086B6-4F64-466D-8CB8-B4A87D581C2A}
		{0E46BD09-A3E2-4309-941A-36B44F08F518} = {D355F066-D223-484F-8326-189F8D55B674}
		{399C02CC-BDAE-4D3E-B430-9BF103FB3BA2} = {D355F066-D223-484F-8326-189F8D55B674}
		{500F041B-3B7A-4345-B37E-C367EB26C05E} = {8BC45455-2E2D-4772-AE9E-97352B6A7149}
		{2704D8C7-CC36-45C6-A96F-FB3CC8D8449D} = {8BC45455-2E2D-4772-AE9E-97352B6A7149}
		{823977F4-C982-4A56-9CAD-B5FF17619B4C} = {8BC45455-2E2D-4772-AE9E-97352B6A7149}
		{CBD66E75-0592-45A2-9829-9823CC4F5317} = {2B435B92-BF74-4B45-8263-8E12A34CC854}
		{7280C653-76AB-4E33-9F76-25D3471A2CBE} = {2B435B92-BF74-4B45-8263-8E12A34CC854}
		{AE2920D7-0443-441E-9AB1-BCA68B23FC4D} = {2B435B92-BF74-4B45-8263-8E12A34CC854}
		{AD4E975E-8FDA-419A-8A7E-1357D624427C} = {2B435B92-BF74-4B45-8263-8E12A34CC854}
		{116F3332-9821-42C1-9999-CE2C1145E4B5} = {2B435B92-BF74-4B45-8263-8E12A34CC854}
	EndGlobalSection
	GlobalSection(ExtensibilityGlobals) = postSolution
		SolutionGuid = {FE214A14-4DAD-47F5-BE0B-39414C73465A}
	EndGlobalSection
EndGlobal
